Microsoft Visual Studio Solution File, Format Version 11.00
# Visual Studio 2008

Project("{89303B7C-00B0-15EC-108D-C9AF5A14A966}") = "gameNinja_Ver1", "Assembly-CSharp-vs.csproj", "{407D317A-633B-4781-6FE4-9C9ED37C196E}"
EndProject
Global
	GlobalSection(SolutionConfigurationPlatforms) = preSolution
		Debug|Any CPU = Debug|Any CPU
		Release|Any CPU = Release|Any CPU
	EndGlobalSection
	GlobalSection(ProjectConfigurationPlatforms) = postSolution
		{407D317A-633B-4781-6FE4-9C9ED37C196E}.Debug|Any CPU.ActiveCfg = Debug|Any CPU
		{407D317A-633B-4781-6FE4-9C9ED37C196E}.Debug|Any CPU.Build.0 = Debug|Any CPU
		{407D317A-633B-4781-6FE4-9C9ED37C196E}.Release|Any CPU.ActiveCfg = Release|Any CPU
		{407D317A-633B-4781-6FE4-9C9ED37C196E}.Release|Any CPU.Build.0 = Release|Any CPU
	EndGlobalSection
	GlobalSection(SolutionProperties) = preSolution
		HideSolutionNode = FALSE
	EndGlobalSection
																																																																				GlobalSection(MonoDevelopProperties) = preSolution
		StartupItem = Assembly-CSharp.csproj
		Policies = $0
		$0.TextStylePolicy = $1
		$1.inheritsSet = null
		$1.scope = text/x-csharp
		$0.CSharpFormattingPolicy = $2
		$2.inheritsSet = Mono
		$2.inheritsScope = text/x-csharp
		$2.scope = text/x-csharp
		$0.TextStylePolicy = $3
		$3.FileWidth = 120
		$3.TabWidth = 4
		$3.IndentWidth = 4
		$3.EolMarker = Unix
		$3.inheritsSet = Mono
		$3.inheritsScope = text/plain
		$3.scope = text/plain
	EndGlobalSection

EndGlobal
